
Microsoft Visual Studio Solution File, Format Version 12.00
# Visual Studio Version 16
VisualStudioVersion = 16.0.30907.101
MinimumVisualStudioVersion = 10.0.40219.1
Project("{9A19103F-16F7-4668-BE54-9A1E7A4F7556}") = "System Information", "System Information.csproj", "{9FFC575D-BB33-43AC-9E4F-439ED81F4416}"
EndProject
Global
	GlobalSection(SolutionConfigurationPlatforms) = preSolution
		Debug|Any CPU = Debug|Any CPU
		Release|Any CPU = Release|Any CPU
	EndGlobalSection
	GlobalSection(ProjectConfigurationPlatforms) = postSolution
		{9FFC575D-BB33-43AC-9E4F-439ED81F4416}.Debug|Any CPU.ActiveCfg = Debug|Any CPU
		{9FFC575D-BB33-43AC-9E4F-439ED81F4416}.Debug|Any CPU.Build.0 = Debug|Any CPU
		{9FFC575D-BB33-43AC-9E4F-439ED81F4416}.Release|Any CPU.ActiveCfg = Release|Any CPU
		{9FFC575D-BB33-43AC-9E4F-439ED81F4416}.Release|Any CPU.Build.0 = Release|Any CPU
	EndGlobalSection
	GlobalSection(SolutionProperties) = preSolution
		HideSolutionNode = FALSE
	EndGlobalSection
	GlobalSection(ExtensibilityGlobals) = postSolution
		SolutionGuid = {84ECFA5E-E192-490B-A32D-1E0C676DE746}
	EndGlobalSection
EndGlobal
